// !$*UTF8*$!
{
	archiveVersion = 1;
	classes = {
	};
	objectVersion = 46;
	objects = {

/* Begin PBXBuildFile section */
		9CA32F501D500ECC00AEB3DF /* AppDelegate.swift in Sources */ = {isa = PBXBuildFile; fileRef = 9CA32F4F1D500ECC00AEB3DF /* AppDelegate.swift */; };
		9CA32F541D500ECC00AEB3DF /* Assets.xcassets in Resources */ = {isa = PBXBuildFile; fileRef = 9CA32F531D500ECC00AEB3DF /* Assets.xcassets */; };
		9CA32F571D500ECC00AEB3DF /* Main.storyboard in Resources */ = {isa = PBXBuildFile; fileRef = 9CA32F551D500ECC00AEB3DF /* Main.storyboard */; };
		9CA32F631D5021D100AEB3DF /* Catalog.storyboard in Resources */ = {isa = PBXBuildFile; fileRef = 9CA32F611D5021D100AEB3DF /* Catalog.storyboard */; };
		9CA32F641D5021D100AEB3DF /* CatalogViewController.swift in Sources */ = {isa = PBXBuildFile; fileRef = 9CA32F621D5021D100AEB3DF /* CatalogViewController.swift */; };
		9CA32F6E1D50225300AEB3DF /* Text.swift in Sources */ = {isa = PBXBuildFile; fileRef = 9CA32F6A1D50225300AEB3DF /* Text.swift */; };
/* End PBXBuildFile section */

/* Begin PBXFileReference section */
		9CA32F4C1D500ECC00AEB3DF /* OSTools.app */ = {isa = PBXFileReference; explicitFileType = wrapper.application; includeInIndex = 0; path = OSTools.app; sourceTree = BUILT_PRODUCTS_DIR; };
		9CA32F4F1D500ECC00AEB3DF /* AppDelegate.swift */ = {isa = PBXFileReference; lastKnownFileType = sourcecode.swift; path = AppDelegate.swift; sourceTree = "<group>"; };
		9CA32F531D500ECC00AEB3DF /* Assets.xcassets */ = {isa = PBXFileReference; lastKnownFileType = folder.assetcatalog; path = Assets.xcassets; sourceTree = "<group>"; };
		9CA32F561D500ECC00AEB3DF /* Base */ = {isa = PBXFileReference; lastKnownFileType = file.storyboard; name = Base; path = Base.lproj/Main.storyboard; sourceTree = "<group>"; };
		9CA32F581D500ECC00AEB3DF /* Info.plist */ = {isa = PBXFileReference; lastKnownFileType = text.plist.xml; path = Info.plist; sourceTree = "<group>"; };
		9CA32F611D5021D100AEB3DF /* Catalog.storyboard */ = {isa = PBXFileReference; fileEncoding = 4; lastKnownFileType = file.storyboard; path = Catalog.storyboard; sourceTree = "<group>"; };
		9CA32F621D5021D100AEB3DF /* CatalogViewController.swift */ = {isa = PBXFileReference; fileEncoding = 4; lastKnownFileType = sourcecode.swift; path = CatalogViewController.swift; sourceTree = "<group>"; };
		9CA32F6A1D50225300AEB3DF /* Text.swift */ = {isa = PBXFileReference; fileEncoding = 4; lastKnownFileType = sourcecode.swift; path = Text.swift; sourceTree = "<group>"; };
/* End PBXFileReference section */

/* Begin PBXFrameworksBuildPhase section */
		9CA32F491D500ECC00AEB3DF /* Frameworks */ = {
			isa = PBXFrameworksBuildPhase;
			buildActionMask = 2147483647;
			files = (
			);
			runOnlyForDeploymentPostprocessing = 0;
		};
/* End PBXFrameworksBuildPhase section */

/* Begin PBXGroup section */
		9CA32F431D500ECC00AEB3DF = {
			isa = PBXGroup;
			children = (
				9CA32F4E1D500ECC00AEB3DF /* OSTools */,
				9CA32F4D1D500ECC00AEB3DF /* Products */,
			);
			sourceTree = "<group>";
		};
		9CA32F4D1D500ECC00AEB3DF /* Products */ = {
			isa = PBXGroup;
			children = (
				9CA32F4C1D500ECC00AEB3DF /* OSTools.app */,
			);
			name = Products;
			sourceTree = "<group>";
		};
		9CA32F4E1D500ECC00AEB3DF /* OSTools */ = {
			isa = PBXGroup;
			children = (
				9CA32F6D1D50225300AEB3DF /* Swift */,
				9CA32F601D5021D100AEB3DF /* CatalogTool */,
				9CA32F4F1D500ECC00AEB3DF /* AppDelegate.swift */,
				9CA32F531D500ECC00AEB3DF /* Assets.xcassets */,
				9CA32F551D500ECC00AEB3DF /* Main.storyboard */,
				9CA32F581D500ECC00AEB3DF /* Info.plist */,
			);
			path = OSTools;
			sourceTree = "<group>";
		};
		9CA32F601D5021D100AEB3DF /* CatalogTool */ = {
			isa = PBXGroup;
			children = (
				9CA32F611D5021D100AEB3DF /* Catalog.storyboard */,
				9CA32F621D5021D100AEB3DF /* CatalogViewController.swift */,
			);
			path = CatalogTool;
			sourceTree = "<group>";
		};
		9CA32F6D1D50225300AEB3DF /* Swift */ = {
			isa = PBXGroup;
			children = (
				9CA32F6A1D50225300AEB3DF /* Text.swift */,
			);
			name = Swift;
			path = ../../Swift;
			sourceTree = "<group>";
		};
/* End PBXGroup section */

/* Begin PBXNativeTarget section */
		9CA32F4B1D500ECC00AEB3DF /* OSTools */ = {
			isa = PBXNativeTarget;
			buildConfigurationList = 9CA32F5B1D500ECC00AEB3DF /* Build configuration list for PBXNativeTarget "OSTools" */;
			buildPhases = (
				9CA32F481D500ECC00AEB3DF /* Sources */,
				9CA32F491D500ECC00AEB3DF /* Frameworks */,
				9CA32F4A1D500ECC00AEB3DF /* Resources */,
			);
			buildRules = (
			);
			dependencies = (
			);
			name = OSTools;
			productName = OSTools;
			productReference = 9CA32F4C1D500ECC00AEB3DF /* OSTools.app */;
			productType = "com.apple.product-type.application";
		};
/* End PBXNativeTarget section */

/* Begin PBXProject section */
		9CA32F441D500ECC00AEB3DF /* Project object */ = {
			isa = PBXProject;
			attributes = {
				LastSwiftUpdateCheck = 0730;
				LastUpgradeCheck = 0730;
				ORGANIZATIONNAME = MuBinHuang;
				TargetAttributes = {
					9CA32F4B1D500ECC00AEB3DF = {
						CreatedOnToolsVersion = 7.3.1;
					};
				};
			};
			buildConfigurationList = 9CA32F471D500ECC00AEB3DF /* Build configuration list for PBXProject "OSTools" */;
			compatibilityVersion = "Xcode 3.2";
			developmentRegion = English;
			hasScannedForEncodings = 0;
			knownRegions = (
				en,
				Base,
			);
			mainGroup = 9CA32F431D500ECC00AEB3DF;
			productRefGroup = 9CA32F4D1D500ECC00AEB3DF /* Products */;
			projectDirPath = "";
			projectRoot = "";
			targets = (
				9CA32F4B1D500ECC00AEB3DF /* OSTools */,
			);
		};
/* End PBXProject section */

/* Begin PBXResourcesBuildPhase section */
		9CA32F4A1D500ECC00AEB3DF /* Resources */ = {
			isa = PBXResourcesBuildPhase;
			buildActionMask = 2147483647;
			files = (
				9CA32F631D5021D100AEB3DF /* Catalog.storyboard in Resources */,
				9CA32F541D500ECC00AEB3DF /* Assets.xcassets in Resources */,
				9CA32F571D500ECC00AEB3DF /* Main.storyboard in Resources */,
			);
			runOnlyForDeploymentPostprocessing = 0;
		};
/* End PBXResourcesBuildPhase section */

/* Begin PBXSourcesBuildPhase section */
		9CA32F481D500ECC00AEB3DF /* Sources */ = {
			isa = PBXSourcesBuildPhase;
			buildActionMask = 2147483647;
			files = (
				9CA32F641D5021D100AEB3DF /* CatalogViewController.swift in Sources */,
				9CA32F6E1D50225300AEB3DF /* Text.swift in Sources */,
				9CA32F501D500ECC00AEB3DF /* AppDelegate.swift in Sources */,
			);
			runOnlyForDeploymentPostprocessing = 0;
		};
/* End PBXSourcesBuildPhase section */

/* Begin PBXVariantGroup section */
		9CA32F551D500ECC00AEB3DF /* Main.storyboard */ = {
			isa = PBXVariantGroup;
			children = (
				9CA32F561D500ECC00AEB3DF /* Base */,
			);
			name = Main.storyboard;
			sourceTree = "<group>";
		};
/* End PBXVariantGroup section */

/* Begin XCBuildConfiguration section */
		9CA32F591D500ECC00AEB3DF /* Debug */ = {
			isa = XCBuildConfiguration;
			buildSettings = {
				ALWAYS_SEARCH_USER_PATHS = NO;
				CLANG_ANALYZER_NONNULL = YES;
				CLANG_CXX_LANGUAGE_STANDARD = "gnu++0x";
				CLANG_CXX_LIBRARY = "libc++";
				CLANG_ENABLE_MODULES = YES;
				CLANG_ENABLE_OBJC_ARC = YES;
				CLANG_WARN_BOOL_CONVERSION = YES;
				CLANG_WARN_CONSTANT_CONVERSION = YES;
				CLANG_WARN_DIRECT_OBJC_ISA_USAGE = YES_ERROR;
				CLANG_WARN_EMPTY_BODY = YES;
				CLANG_WARN_ENUM_CONVERSION = YES;
				CLANG_WARN_INT_CONVERSION = YES;
				CLANG_WARN_OBJC_ROOT_CLASS = YES_ERROR;
				CLANG_WARN_UNREACHABLE_CODE = YES;
				CLANG_WARN__DUPLICATE_METHOD_MATCH = YES;
				CODE_SIGN_IDENTITY = "-";
				COPY_PHASE_STRIP = NO;
				DEBUG_INFORMATION_FORMAT = dwarf;
				ENABLE_STRICT_OBJC_MSGSEND = YES;
				ENABLE_TESTABILITY = YES;
				GCC_C_LANGUAGE_STANDARD = gnu99;
				GCC_DYNAMIC_NO_PIC = NO;
				GCC_NO_COMMON_BLOCKS = YES;
				GCC_OPTIMIZATION_LEVEL = 0;
				GCC_PREPROCESSOR_DEFINITIONS = (
					"DEBUG=1",
					"$(inherited)",
				);
				GCC_WARN_64_TO_32_BIT_CONVERSION = YES;
				GCC_WARN_ABOUT_RETURN_TYPE = YES_ERROR;
				GCC_WARN_UNDECLARED_SELECTOR = YES;
				GCC_WARN_UNINITIALIZED_AUTOS = YES_AGGRESSIVE;
				GCC_WARN_UNUSED_FUNCTION = YES;
				GCC_WARN_UNUSED_VARIABLE = YES;
				MACOSX_DEPLOYMENT_TARGET = 10.11;
				MTL_ENABLE_DEBUG_INFO = YES;
				ONLY_ACTIVE_ARCH = YES;
				SDKROOT = macosx;
				SWIFT_OPTIMIZATION_LEVEL = "-Onone";
			};
			name = Debug;
		};
		9CA32F5A1D500ECC00AEB3DF /* Release */ = {
			isa = XCBuildConfiguration;
			buildSettings = {
				ALWAYS_SEARCH_USER_PATHS = NO;
				CLANG_ANALYZER_NONNULL = YES;
				CLANG_CXX_LANGUAGE_STANDARD = "gnu++0x";
				CLANG_CXX_LIBRARY = "libc++";
				CLANG_ENABLE_MODULES = YES;
				CLANG_ENABLE_OBJC_ARC = YES;
				CLANG_WARN_BOOL_CONVERSION = YES;
				CLANG_WARN_CONSTANT_CONVERSION = YES;
				CLANG_WARN_DIRECT_OBJC_ISA_USAGE = YES_ERROR;
				CLANG_WARN_EMPTY_BODY = YES;
				CLANG_WARN_ENUM_CONVERSION = YES;
				CLANG_WARN_INT_CONVERSION = YES;
				CLANG_WARN_OBJC_ROOT_CLASS = YES_ERROR;
				CLANG_WARN_UNREACHABLE_CODE = YES;
				CLANG_WARN__DUPLICATE_METHOD_MATCH = YES;
				CODE_SIGN_IDENTITY = "-";
				COPY_PHASE_STRIP = NO;
				DEBUG_INFORMATION_FORMAT = "dwarf-with-dsym";
				ENABLE_NS_ASSERTIONS = NO;
				ENABLE_STRICT_OBJC_MSGSEND = YES;
				GCC_C_LANGUAGE_STANDARD = gnu99;
				GCC_NO_COMMON_BLOCKS = YES;
				GCC_WARN_64_TO_32_BIT_CONVERSION = YES;
				GCC_WARN_ABOUT_RETURN_TYPE = YES_ERROR;
				GCC_WARN_UNDECLARED_SELECTOR = YES;
				GCC_WARN_UNINITIALIZED_AUTOS = YES_AGGRESSIVE;
				GCC_WARN_UNUSED_FUNCTION = YES;
				GCC_WARN_UNUSED_VARIABLE = YES;
				MACOSX_DEPLOYMENT_TARGET = 10.11;
				MTL_ENABLE_DEBUG_INFO = NO;
				SDKROOT = macosx;
			};
			name = Release;
		};
		9CA32F5C1D500ECC00AEB3DF /* Debug */ = {
			isa = XCBuildConfiguration;
			buildSettings = {
				ASSETCATALOG_COMPILER_APPICON_NAME = AppIcon;
				COMBINE_HIDPI_IMAGES = YES;
				INFOPLIST_FILE = OSTools/Info.plist;
				LD_RUNPATH_SEARCH_PATHS = "$(inherited) @executable_path/../Frameworks";
				PRODUCT_BUNDLE_IDENTIFIER = Myron.OSTools;
				PRODUCT_NAME = "$(TARGET_NAME)";
			};
			name = Debug;
		};
		9CA32F5D1D500ECC00AEB3DF /* Release */ = {
			isa = XCBuildConfiguration;
			buildSettings = {
				ASSETCATALOG_COMPILER_APPICON_NAME = AppIcon;
				COMBINE_HIDPI_IMAGES = YES;
				INFOPLIST_FILE = OSTools/Info.plist;
				LD_RUNPATH_SEARCH_PATHS = "$(inherited) @executable_path/../Frameworks";
				PRODUCT_BUNDLE_IDENTIFIER = Myron.OSTools;
				PRODUCT_NAME = "$(TARGET_NAME)";
			};
			name = Release;
		};
/* End XCBuildConfiguration section */

/* Begin XCConfigurationList section */
		9CA32F471D500ECC00AEB3DF /* Build configuration list for PBXProject "OSTools" */ = {
			isa = XCConfigurationList;
			buildConfigurations = (
				9CA32F591D500ECC00AEB3DF /* Debug */,
				9CA32F5A1D500ECC00AEB3DF /* Release */,
			);
			defaultConfigurationIsVisible = 0;
			defaultConfigurationName = Release;
		};
		9CA32F5B1D500ECC00AEB3DF /* Build configuration list for PBXNativeTarget "OSTools" */ = {
			isa = XCConfigurationList;
			buildConfigurations = (
				9CA32F5C1D500ECC00AEB3DF /* Debug */,
				9CA32F5D1D500ECC00AEB3DF /* Release */,
			);
			defaultConfigurationIsVisible = 0;
			defaultConfigurationName = Release;
		};
/* End XCConfigurationList section */
	};
	rootObject = 9CA32F441D500ECC00AEB3DF /* Project object */;
}
