// !$*UTF8*$!
{
	archiveVersion = 1;
	classes = {
	};
	objectVersion = 46;
	objects = {

/* Begin PBXBuildFile section */
		9C3F3D921D5376C700E6576C /* CGSizes.swift in Sources */ = {isa = PBXBuildFile; fileRef = 9C3F3D911D5376C700E6576C /* CGSizes.swift */; };
		9CA32F731D50443A00AEB3DF /* TextView.swift in Sources */ = {isa = PBXBuildFile; fileRef = 9CA32F711D50443A00AEB3DF /* TextView.swift */; };
		9CA32F741D50443A00AEB3DF /* Button.swift in Sources */ = {isa = PBXBuildFile; fileRef = 9CA32F721D50443A00AEB3DF /* Button.swift */; };
		9CE8ACA11D4E108700AE8204 /* AppDelegate.swift in Sources */ = {isa = PBXBuildFile; fileRef = 9CE8ACA01D4E108700AE8204 /* AppDelegate.swift */; };
		9CE8ACA31D4E108700AE8204 /* ViewController.swift in Sources */ = {isa = PBXBuildFile; fileRef = 9CE8ACA21D4E108700AE8204 /* ViewController.swift */; };
		9CE8ACA61D4E108700AE8204 /* Main.storyboard in Resources */ = {isa = PBXBuildFile; fileRef = 9CE8ACA41D4E108700AE8204 /* Main.storyboard */; };
		9CE8ACA81D4E108700AE8204 /* Assets.xcassets in Resources */ = {isa = PBXBuildFile; fileRef = 9CE8ACA71D4E108700AE8204 /* Assets.xcassets */; };
		9CE8ACAB1D4E108700AE8204 /* LaunchScreen.storyboard in Resources */ = {isa = PBXBuildFile; fileRef = 9CE8ACA91D4E108700AE8204 /* LaunchScreen.storyboard */; };
		9CE8ACB51D4E134C00AE8204 /* View.swift in Sources */ = {isa = PBXBuildFile; fileRef = 9CE8ACB41D4E134C00AE8204 /* View.swift */; };
		9CF80F971D4F69B30019C333 /* Text.swift in Sources */ = {isa = PBXBuildFile; fileRef = 9CF80F951D4F69B30019C333 /* Text.swift */; };
		9CF80F981D4F69B30019C333 /* AutoLayout.swift in Sources */ = {isa = PBXBuildFile; fileRef = 9CF80F961D4F69B30019C333 /* AutoLayout.swift */; };
		B15540FD1D53247E00D37A7C /* Color.swift in Sources */ = {isa = PBXBuildFile; fileRef = B15540FC1D53247E00D37A7C /* Color.swift */; };
		B155411A1D532A6500D37A7C /* Network.swift in Sources */ = {isa = PBXBuildFile; fileRef = B15541191D532A6500D37A7C /* Network.swift */; };
		B177C1771D51D1090017499D /* Progress.swift in Sources */ = {isa = PBXBuildFile; fileRef = B177C1761D51D1090017499D /* Progress.swift */; };
		B177C1791D51D1400017499D /* ValueViewController.swift in Sources */ = {isa = PBXBuildFile; fileRef = B177C1781D51D1400017499D /* ValueViewController.swift */; };
		B177C17B1D51EA330017499D /* Drawer.swift in Sources */ = {isa = PBXBuildFile; fileRef = B177C17A1D51EA330017499D /* Drawer.swift */; };
		B1DB4A261D4EDC8700C9BC50 /* HUD.swift in Sources */ = {isa = PBXBuildFile; fileRef = B1DB4A251D4EDC8700C9BC50 /* HUD.swift */; };
/* End PBXBuildFile section */

/* Begin PBXFileReference section */
		9C3F3D911D5376C700E6576C /* CGSizes.swift */ = {isa = PBXFileReference; fileEncoding = 4; lastKnownFileType = sourcecode.swift; name = CGSizes.swift; path = ../../Swift/CGSizes.swift; sourceTree = "<group>"; };
		9CA32F711D50443A00AEB3DF /* TextView.swift */ = {isa = PBXFileReference; fileEncoding = 4; lastKnownFileType = sourcecode.swift; name = TextView.swift; path = ../../UIKit/TextView.swift; sourceTree = "<group>"; };
		9CA32F721D50443A00AEB3DF /* Button.swift */ = {isa = PBXFileReference; fileEncoding = 4; lastKnownFileType = sourcecode.swift; name = Button.swift; path = ../../UIKit/Button.swift; sourceTree = "<group>"; };
		9CE8AC9D1D4E108700AE8204 /* SwiftiOS.app */ = {isa = PBXFileReference; explicitFileType = wrapper.application; includeInIndex = 0; path = SwiftiOS.app; sourceTree = BUILT_PRODUCTS_DIR; };
		9CE8ACA01D4E108700AE8204 /* AppDelegate.swift */ = {isa = PBXFileReference; lastKnownFileType = sourcecode.swift; path = AppDelegate.swift; sourceTree = "<group>"; };
		9CE8ACA21D4E108700AE8204 /* ViewController.swift */ = {isa = PBXFileReference; lastKnownFileType = sourcecode.swift; path = ViewController.swift; sourceTree = "<group>"; };
		9CE8ACA51D4E108700AE8204 /* Base */ = {isa = PBXFileReference; lastKnownFileType = file.storyboard; name = Base; path = Base.lproj/Main.storyboard; sourceTree = "<group>"; };
		9CE8ACA71D4E108700AE8204 /* Assets.xcassets */ = {isa = PBXFileReference; lastKnownFileType = folder.assetcatalog; path = Assets.xcassets; sourceTree = "<group>"; };
		9CE8ACAA1D4E108700AE8204 /* Base */ = {isa = PBXFileReference; lastKnownFileType = file.storyboard; name = Base; path = Base.lproj/LaunchScreen.storyboard; sourceTree = "<group>"; };
		9CE8ACAC1D4E108700AE8204 /* Info.plist */ = {isa = PBXFileReference; lastKnownFileType = text.plist.xml; path = Info.plist; sourceTree = "<group>"; };
		9CE8ACB41D4E134C00AE8204 /* View.swift */ = {isa = PBXFileReference; fileEncoding = 4; lastKnownFileType = sourcecode.swift; name = View.swift; path = ../../UIKit/View.swift; sourceTree = "<group>"; };
		9CF80F951D4F69B30019C333 /* Text.swift */ = {isa = PBXFileReference; fileEncoding = 4; lastKnownFileType = sourcecode.swift; name = Text.swift; path = ../../Swift/Text.swift; sourceTree = "<group>"; };
		9CF80F961D4F69B30019C333 /* AutoLayout.swift */ = {isa = PBXFileReference; fileEncoding = 4; lastKnownFileType = sourcecode.swift; name = AutoLayout.swift; path = ../../Swift/AutoLayout.swift; sourceTree = "<group>"; };
		B15540FC1D53247E00D37A7C /* Color.swift */ = {isa = PBXFileReference; fileEncoding = 4; lastKnownFileType = sourcecode.swift; name = Color.swift; path = ../../Swift/Color.swift; sourceTree = "<group>"; };
		B15541191D532A6500D37A7C /* Network.swift */ = {isa = PBXFileReference; fileEncoding = 4; lastKnownFileType = sourcecode.swift; name = Network.swift; path = ../../Swift/Network.swift; sourceTree = "<group>"; };
		B177C1761D51D1090017499D /* Progress.swift */ = {isa = PBXFileReference; fileEncoding = 4; lastKnownFileType = sourcecode.swift; name = Progress.swift; path = ../../UIKit/Progress.swift; sourceTree = "<group>"; };
		B177C1781D51D1400017499D /* ValueViewController.swift */ = {isa = PBXFileReference; fileEncoding = 4; lastKnownFileType = sourcecode.swift; path = ValueViewController.swift; sourceTree = "<group>"; };
		B177C17A1D51EA330017499D /* Drawer.swift */ = {isa = PBXFileReference; fileEncoding = 4; lastKnownFileType = sourcecode.swift; name = Drawer.swift; path = ../../UIKit/Drawer.swift; sourceTree = "<group>"; };
		B1DB4A251D4EDC8700C9BC50 /* HUD.swift */ = {isa = PBXFileReference; fileEncoding = 4; lastKnownFileType = sourcecode.swift; name = HUD.swift; path = ../../UIKit/HUD.swift; sourceTree = "<group>"; };
/* End PBXFileReference section */

/* Begin PBXFrameworksBuildPhase section */
		9CE8AC9A1D4E108700AE8204 /* Frameworks */ = {
			isa = PBXFrameworksBuildPhase;
			buildActionMask = 2147483647;
			files = (
			);
			runOnlyForDeploymentPostprocessing = 0;
		};
/* End PBXFrameworksBuildPhase section */

/* Begin PBXGroup section */
		9CE8AC941D4E108700AE8204 = {
			isa = PBXGroup;
			children = (
				9CE8AC9F1D4E108700AE8204 /* SwiftiOS */,
				9CE8AC9E1D4E108700AE8204 /* Products */,
			);
			sourceTree = "<group>";
		};
		9CE8AC9E1D4E108700AE8204 /* Products */ = {
			isa = PBXGroup;
			children = (
				9CE8AC9D1D4E108700AE8204 /* SwiftiOS.app */,
			);
			name = Products;
			sourceTree = "<group>";
		};
		9CE8AC9F1D4E108700AE8204 /* SwiftiOS */ = {
			isa = PBXGroup;
			children = (
				9CF80F941D4F69A80019C333 /* Swift */,
				9CE8ACB31D4E133F00AE8204 /* UIKit */,
				9CE8ACB21D4E133100AE8204 /* Dome */,
			);
			path = SwiftiOS;
			sourceTree = "<group>";
		};
		9CE8ACB21D4E133100AE8204 /* Dome */ = {
			isa = PBXGroup;
			children = (
				9CE8ACA01D4E108700AE8204 /* AppDelegate.swift */,
				9CE8ACA21D4E108700AE8204 /* ViewController.swift */,
				B177C1781D51D1400017499D /* ValueViewController.swift */,
				9CE8ACA41D4E108700AE8204 /* Main.storyboard */,
				9CE8ACA71D4E108700AE8204 /* Assets.xcassets */,
				9CE8ACA91D4E108700AE8204 /* LaunchScreen.storyboard */,
				9CE8ACAC1D4E108700AE8204 /* Info.plist */,
			);
			name = Dome;
			sourceTree = "<group>";
		};
		9CE8ACB31D4E133F00AE8204 /* UIKit */ = {
			isa = PBXGroup;
			children = (
				B177C17A1D51EA330017499D /* Drawer.swift */,
				9CA32F711D50443A00AEB3DF /* TextView.swift */,
				9CA32F721D50443A00AEB3DF /* Button.swift */,
				9CE8ACB41D4E134C00AE8204 /* View.swift */,
				B1DB4A251D4EDC8700C9BC50 /* HUD.swift */,
				B177C1761D51D1090017499D /* Progress.swift */,
			);
			name = UIKit;
			sourceTree = "<group>";
		};
		9CF80F941D4F69A80019C333 /* Swift */ = {
			isa = PBXGroup;
			children = (
				9CF80F951D4F69B30019C333 /* Text.swift */,
				B15540FC1D53247E00D37A7C /* Color.swift */,
				9CF80F961D4F69B30019C333 /* AutoLayout.swift */,
				9C3F3D911D5376C700E6576C /* CGSizes.swift */,
				B15541191D532A6500D37A7C /* Network.swift */,
			);
			name = Swift;
			sourceTree = "<group>";
		};
/* End PBXGroup section */

/* Begin PBXNativeTarget section */
		9CE8AC9C1D4E108700AE8204 /* SwiftiOS */ = {
			isa = PBXNativeTarget;
			buildConfigurationList = 9CE8ACAF1D4E108700AE8204 /* Build configuration list for PBXNativeTarget "SwiftiOS" */;
			buildPhases = (
				9CE8AC991D4E108700AE8204 /* Sources */,
				9CE8AC9A1D4E108700AE8204 /* Frameworks */,
				9CE8AC9B1D4E108700AE8204 /* Resources */,
			);
			buildRules = (
			);
			dependencies = (
			);
			name = SwiftiOS;
			productName = SwiftiOS;
			productReference = 9CE8AC9D1D4E108700AE8204 /* SwiftiOS.app */;
			productType = "com.apple.product-type.application";
		};
/* End PBXNativeTarget section */

/* Begin PBXProject section */
		9CE8AC951D4E108700AE8204 /* Project object */ = {
			isa = PBXProject;
			attributes = {
				LastSwiftUpdateCheck = 0730;
				LastUpgradeCheck = 0730;
				ORGANIZATIONNAME = MuBinHuang;
				TargetAttributes = {
					9CE8AC9C1D4E108700AE8204 = {
						CreatedOnToolsVersion = 7.3.1;
					};
				};
			};
			buildConfigurationList = 9CE8AC981D4E108700AE8204 /* Build configuration list for PBXProject "SwiftiOS" */;
			compatibilityVersion = "Xcode 3.2";
			developmentRegion = English;
			hasScannedForEncodings = 0;
			knownRegions = (
				en,
				Base,
			);
			mainGroup = 9CE8AC941D4E108700AE8204;
			productRefGroup = 9CE8AC9E1D4E108700AE8204 /* Products */;
			projectDirPath = "";
			projectRoot = "";
			targets = (
				9CE8AC9C1D4E108700AE8204 /* SwiftiOS */,
			);
		};
/* End PBXProject section */

/* Begin PBXResourcesBuildPhase section */
		9CE8AC9B1D4E108700AE8204 /* Resources */ = {
			isa = PBXResourcesBuildPhase;
			buildActionMask = 2147483647;
			files = (
				9CE8ACAB1D4E108700AE8204 /* LaunchScreen.storyboard in Resources */,
				9CE8ACA81D4E108700AE8204 /* Assets.xcassets in Resources */,
				9CE8ACA61D4E108700AE8204 /* Main.storyboard in Resources */,
			);
			runOnlyForDeploymentPostprocessing = 0;
		};
/* End PBXResourcesBuildPhase section */

/* Begin PBXSourcesBuildPhase section */
		9CE8AC991D4E108700AE8204 /* Sources */ = {
			isa = PBXSourcesBuildPhase;
			buildActionMask = 2147483647;
			files = (
				B177C1771D51D1090017499D /* Progress.swift in Sources */,
				9CF80F981D4F69B30019C333 /* AutoLayout.swift in Sources */,
				9CE8ACA31D4E108700AE8204 /* ViewController.swift in Sources */,
				B15540FD1D53247E00D37A7C /* Color.swift in Sources */,
				9CF80F971D4F69B30019C333 /* Text.swift in Sources */,
				B177C17B1D51EA330017499D /* Drawer.swift in Sources */,
				9CA32F741D50443A00AEB3DF /* Button.swift in Sources */,
				9CA32F731D50443A00AEB3DF /* TextView.swift in Sources */,
				B177C1791D51D1400017499D /* ValueViewController.swift in Sources */,
				B1DB4A261D4EDC8700C9BC50 /* HUD.swift in Sources */,
				9CE8ACA11D4E108700AE8204 /* AppDelegate.swift in Sources */,
				B155411A1D532A6500D37A7C /* Network.swift in Sources */,
				9C3F3D921D5376C700E6576C /* CGSizes.swift in Sources */,
				9CE8ACB51D4E134C00AE8204 /* View.swift in Sources */,
			);
			runOnlyForDeploymentPostprocessing = 0;
		};
/* End PBXSourcesBuildPhase section */

/* Begin PBXVariantGroup section */
		9CE8ACA41D4E108700AE8204 /* Main.storyboard */ = {
			isa = PBXVariantGroup;
			children = (
				9CE8ACA51D4E108700AE8204 /* Base */,
			);
			name = Main.storyboard;
			sourceTree = "<group>";
		};
		9CE8ACA91D4E108700AE8204 /* LaunchScreen.storyboard */ = {
			isa = PBXVariantGroup;
			children = (
				9CE8ACAA1D4E108700AE8204 /* Base */,
			);
			name = LaunchScreen.storyboard;
			sourceTree = "<group>";
		};
/* End PBXVariantGroup section */

/* Begin XCBuildConfiguration section */
		9CE8ACAD1D4E108700AE8204 /* Debug */ = {
			isa = XCBuildConfiguration;
			buildSettings = {
				ALWAYS_SEARCH_USER_PATHS = NO;
				CLANG_ANALYZER_NONNULL = YES;
				CLANG_CXX_LANGUAGE_STANDARD = "gnu++0x";
				CLANG_CXX_LIBRARY = "libc++";
				CLANG_ENABLE_MODULES = YES;
				CLANG_ENABLE_OBJC_ARC = YES;
				CLANG_WARN_BOOL_CONVERSION = YES;
				CLANG_WARN_CONSTANT_CONVERSION = YES;
				CLANG_WARN_DIRECT_OBJC_ISA_USAGE = YES_ERROR;
				CLANG_WARN_EMPTY_BODY = YES;
				CLANG_WARN_ENUM_CONVERSION = YES;
				CLANG_WARN_INT_CONVERSION = YES;
				CLANG_WARN_OBJC_ROOT_CLASS = YES_ERROR;
				CLANG_WARN_UNREACHABLE_CODE = YES;
				CLANG_WARN__DUPLICATE_METHOD_MATCH = YES;
				"CODE_SIGN_IDENTITY[sdk=iphoneos*]" = "iPhone Developer";
				COPY_PHASE_STRIP = NO;
				DEBUG_INFORMATION_FORMAT = dwarf;
				ENABLE_STRICT_OBJC_MSGSEND = YES;
				ENABLE_TESTABILITY = YES;
				GCC_C_LANGUAGE_STANDARD = gnu99;
				GCC_DYNAMIC_NO_PIC = NO;
				GCC_NO_COMMON_BLOCKS = YES;
				GCC_OPTIMIZATION_LEVEL = 0;
				GCC_PREPROCESSOR_DEFINITIONS = (
					"DEBUG=1",
					"$(inherited)",
				);
				GCC_WARN_64_TO_32_BIT_CONVERSION = YES;
				GCC_WARN_ABOUT_RETURN_TYPE = YES_ERROR;
				GCC_WARN_UNDECLARED_SELECTOR = YES;
				GCC_WARN_UNINITIALIZED_AUTOS = YES_AGGRESSIVE;
				GCC_WARN_UNUSED_FUNCTION = YES;
				GCC_WARN_UNUSED_VARIABLE = YES;
				IPHONEOS_DEPLOYMENT_TARGET = 9.3;
				MTL_ENABLE_DEBUG_INFO = YES;
				ONLY_ACTIVE_ARCH = YES;
				SDKROOT = iphoneos;
				SWIFT_OPTIMIZATION_LEVEL = "-Onone";
				TARGETED_DEVICE_FAMILY = "1,2";
			};
			name = Debug;
		};
		9CE8ACAE1D4E108700AE8204 /* Release */ = {
			isa = XCBuildConfiguration;
			buildSettings = {
				ALWAYS_SEARCH_USER_PATHS = NO;
				CLANG_ANALYZER_NONNULL = YES;
				CLANG_CXX_LANGUAGE_STANDARD = "gnu++0x";
				CLANG_CXX_LIBRARY = "libc++";
				CLANG_ENABLE_MODULES = YES;
				CLANG_ENABLE_OBJC_ARC = YES;
				CLANG_WARN_BOOL_CONVERSION = YES;
				CLANG_WARN_CONSTANT_CONVERSION = YES;
				CLANG_WARN_DIRECT_OBJC_ISA_USAGE = YES_ERROR;
				CLANG_WARN_EMPTY_BODY = YES;
				CLANG_WARN_ENUM_CONVERSION = YES;
				CLANG_WARN_INT_CONVERSION = YES;
				CLANG_WARN_OBJC_ROOT_CLASS = YES_ERROR;
				CLANG_WARN_UNREACHABLE_CODE = YES;
				CLANG_WARN__DUPLICATE_METHOD_MATCH = YES;
				"CODE_SIGN_IDENTITY[sdk=iphoneos*]" = "iPhone Developer";
				COPY_PHASE_STRIP = NO;
				DEBUG_INFORMATION_FORMAT = "dwarf-with-dsym";
				ENABLE_NS_ASSERTIONS = NO;
				ENABLE_STRICT_OBJC_MSGSEND = YES;
				GCC_C_LANGUAGE_STANDARD = gnu99;
				GCC_NO_COMMON_BLOCKS = YES;
				GCC_WARN_64_TO_32_BIT_CONVERSION = YES;
				GCC_WARN_ABOUT_RETURN_TYPE = YES_ERROR;
				GCC_WARN_UNDECLARED_SELECTOR = YES;
				GCC_WARN_UNINITIALIZED_AUTOS = YES_AGGRESSIVE;
				GCC_WARN_UNUSED_FUNCTION = YES;
				GCC_WARN_UNUSED_VARIABLE = YES;
				IPHONEOS_DEPLOYMENT_TARGET = 9.3;
				MTL_ENABLE_DEBUG_INFO = NO;
				SDKROOT = iphoneos;
				TARGETED_DEVICE_FAMILY = "1,2";
				VALIDATE_PRODUCT = YES;
			};
			name = Release;
		};
		9CE8ACB01D4E108700AE8204 /* Debug */ = {
			isa = XCBuildConfiguration;
			buildSettings = {
				ASSETCATALOG_COMPILER_APPICON_NAME = AppIcon;
				INFOPLIST_FILE = SwiftiOS/Info.plist;
				LD_RUNPATH_SEARCH_PATHS = "$(inherited) @executable_path/Frameworks";
				PRODUCT_BUNDLE_IDENTIFIER = Myron.SwiftiOS;
				PRODUCT_NAME = "$(TARGET_NAME)";
			};
			name = Debug;
		};
		9CE8ACB11D4E108700AE8204 /* Release */ = {
			isa = XCBuildConfiguration;
			buildSettings = {
				ASSETCATALOG_COMPILER_APPICON_NAME = AppIcon;
				INFOPLIST_FILE = SwiftiOS/Info.plist;
				LD_RUNPATH_SEARCH_PATHS = "$(inherited) @executable_path/Frameworks";
				PRODUCT_BUNDLE_IDENTIFIER = Myron.SwiftiOS;
				PRODUCT_NAME = "$(TARGET_NAME)";
			};
			name = Release;
		};
/* End XCBuildConfiguration section */

/* Begin XCConfigurationList section */
		9CE8AC981D4E108700AE8204 /* Build configuration list for PBXProject "SwiftiOS" */ = {
			isa = XCConfigurationList;
			buildConfigurations = (
				9CE8ACAD1D4E108700AE8204 /* Debug */,
				9CE8ACAE1D4E108700AE8204 /* Release */,
			);
			defaultConfigurationIsVisible = 0;
			defaultConfigurationName = Release;
		};
		9CE8ACAF1D4E108700AE8204 /* Build configuration list for PBXNativeTarget "SwiftiOS" */ = {
			isa = XCConfigurationList;
			buildConfigurations = (
				9CE8ACB01D4E108700AE8204 /* Debug */,
				9CE8ACB11D4E108700AE8204 /* Release */,
			);
			defaultConfigurationIsVisible = 0;
			defaultConfigurationName = Release;
		};
/* End XCConfigurationList section */
	};
	rootObject = 9CE8AC951D4E108700AE8204 /* Project object */;
}
