// !$*UTF8*$!
{
	archiveVersion = 1;
	classes = {
	};
	objectVersion = 46;
	objects = {

/* Begin PBXBuildFile section */
		9C3CC6BE1D4D135B000FCD38 /* main.swift in Sources */ = {isa = PBXBuildFile; fileRef = 9C3CC6BD1D4D135B000FCD38 /* main.swift */; };
		9C3CC6C51D4D13F3000FCD38 /* Text.swift in Sources */ = {isa = PBXBuildFile; fileRef = 9C3CC6C41D4D13F3000FCD38 /* Text.swift */; };
		9C78B41F1D56B10800AD4411 /* Type.swift in Sources */ = {isa = PBXBuildFile; fileRef = 9C78B41E1D56B10800AD4411 /* Type.swift */; };
		9C78B4211D575AE500AD4411 /* ApiTool.swift in Sources */ = {isa = PBXBuildFile; fileRef = 9C78B4201D575AE500AD4411 /* ApiTool.swift */; };
		B17F462E1D59D07600D66ECB /* CStruct.c in Sources */ = {isa = PBXBuildFile; fileRef = B17F462C1D59D07600D66ECB /* CStruct.c */; };
/* End PBXBuildFile section */

/* Begin PBXCopyFilesBuildPhase section */
		9C3CC6B81D4D135B000FCD38 /* CopyFiles */ = {
			isa = PBXCopyFilesBuildPhase;
			buildActionMask = 2147483647;
			dstPath = /usr/share/man/man1/;
			dstSubfolderSpec = 0;
			files = (
			);
			runOnlyForDeploymentPostprocessing = 1;
		};
/* End PBXCopyFilesBuildPhase section */

/* Begin PBXFileReference section */
		9C3CC6BA1D4D135B000FCD38 /* SwiftOS */ = {isa = PBXFileReference; explicitFileType = "compiled.mach-o.executable"; includeInIndex = 0; path = SwiftOS; sourceTree = BUILT_PRODUCTS_DIR; };
		9C3CC6BD1D4D135B000FCD38 /* main.swift */ = {isa = PBXFileReference; lastKnownFileType = sourcecode.swift; path = main.swift; sourceTree = "<group>"; };
		9C3CC6C41D4D13F3000FCD38 /* Text.swift */ = {isa = PBXFileReference; fileEncoding = 4; lastKnownFileType = sourcecode.swift; name = Text.swift; path = ../../Swift/Text.swift; sourceTree = "<group>"; };
		9C78B41E1D56B10800AD4411 /* Type.swift */ = {isa = PBXFileReference; fileEncoding = 4; lastKnownFileType = sourcecode.swift; name = Type.swift; path = ../../Swift/Type.swift; sourceTree = "<group>"; };
		9C78B4201D575AE500AD4411 /* ApiTool.swift */ = {isa = PBXFileReference; fileEncoding = 4; lastKnownFileType = sourcecode.swift; name = ApiTool.swift; path = ../../Tools/ApiTool.swift; sourceTree = "<group>"; };
		9C79FD2C1D54024A00A20D7F /* TestFile.swift */ = {isa = PBXFileReference; fileEncoding = 4; lastKnownFileType = sourcecode.swift; path = TestFile.swift; sourceTree = "<group>"; };
		B17F462B1D59D07500D66ECB /* SwiftOS-Bridging-Header.h */ = {isa = PBXFileReference; lastKnownFileType = sourcecode.c.h; path = "SwiftOS-Bridging-Header.h"; sourceTree = "<group>"; };
		B17F462C1D59D07600D66ECB /* CStruct.c */ = {isa = PBXFileReference; fileEncoding = 4; lastKnownFileType = sourcecode.c.c; path = CStruct.c; sourceTree = "<group>"; };
		B17F462D1D59D07600D66ECB /* CStruct.h */ = {isa = PBXFileReference; fileEncoding = 4; lastKnownFileType = sourcecode.c.h; path = CStruct.h; sourceTree = "<group>"; };
/* End PBXFileReference section */

/* Begin PBXFrameworksBuildPhase section */
		9C3CC6B71D4D135B000FCD38 /* Frameworks */ = {
			isa = PBXFrameworksBuildPhase;
			buildActionMask = 2147483647;
			files = (
			);
			runOnlyForDeploymentPostprocessing = 0;
		};
/* End PBXFrameworksBuildPhase section */

/* Begin PBXGroup section */
		9C3CC6B11D4D135B000FCD38 = {
			isa = PBXGroup;
			children = (
				9C3CC6BC1D4D135B000FCD38 /* SwiftOS */,
				9C3CC6BB1D4D135B000FCD38 /* Products */,
			);
			sourceTree = "<group>";
		};
		9C3CC6BB1D4D135B000FCD38 /* Products */ = {
			isa = PBXGroup;
			children = (
				9C3CC6BA1D4D135B000FCD38 /* SwiftOS */,
			);
			name = Products;
			sourceTree = "<group>";
		};
		9C3CC6BC1D4D135B000FCD38 /* SwiftOS */ = {
			isa = PBXGroup;
			children = (
				9C3CC6BD1D4D135B000FCD38 /* main.swift */,
				B17F462C1D59D07600D66ECB /* CStruct.c */,
				B17F46311D59D0AA00D66ECB /* Resource */,
				B17F46301D59D09500D66ECB /* Doing */,
				B17F462F1D59D08500D66ECB /* Tools */,
			);
			path = SwiftOS;
			sourceTree = "<group>";
		};
		B17F462F1D59D08500D66ECB /* Tools */ = {
			isa = PBXGroup;
			children = (
				9C78B41E1D56B10800AD4411 /* Type.swift */,
				9C3CC6C41D4D13F3000FCD38 /* Text.swift */,
			);
			name = Tools;
			sourceTree = "<group>";
		};
		B17F46301D59D09500D66ECB /* Doing */ = {
			isa = PBXGroup;
			children = (
				9C78B4201D575AE500AD4411 /* ApiTool.swift */,
			);
			name = Doing;
			sourceTree = "<group>";
		};
		B17F46311D59D0AA00D66ECB /* Resource */ = {
			isa = PBXGroup;
			children = (
				9C79FD2C1D54024A00A20D7F /* TestFile.swift */,
				B17F462D1D59D07600D66ECB /* CStruct.h */,
				B17F462B1D59D07500D66ECB /* SwiftOS-Bridging-Header.h */,
			);
			name = Resource;
			sourceTree = "<group>";
		};
/* End PBXGroup section */

/* Begin PBXNativeTarget section */
		9C3CC6B91D4D135B000FCD38 /* SwiftOS */ = {
			isa = PBXNativeTarget;
			buildConfigurationList = 9C3CC6C11D4D135B000FCD38 /* Build configuration list for PBXNativeTarget "SwiftOS" */;
			buildPhases = (
				9C3CC6B61D4D135B000FCD38 /* Sources */,
				9C3CC6B71D4D135B000FCD38 /* Frameworks */,
				9C3CC6B81D4D135B000FCD38 /* CopyFiles */,
			);
			buildRules = (
			);
			dependencies = (
			);
			name = SwiftOS;
			productName = SwiftOS;
			productReference = 9C3CC6BA1D4D135B000FCD38 /* SwiftOS */;
			productType = "com.apple.product-type.tool";
		};
/* End PBXNativeTarget section */

/* Begin PBXProject section */
		9C3CC6B21D4D135B000FCD38 /* Project object */ = {
			isa = PBXProject;
			attributes = {
				LastSwiftUpdateCheck = 0730;
				LastUpgradeCheck = 0730;
				ORGANIZATIONNAME = MuBinHuang;
				TargetAttributes = {
					9C3CC6B91D4D135B000FCD38 = {
						CreatedOnToolsVersion = 7.3.1;
					};
				};
			};
			buildConfigurationList = 9C3CC6B51D4D135B000FCD38 /* Build configuration list for PBXProject "SwiftOS" */;
			compatibilityVersion = "Xcode 3.2";
			developmentRegion = English;
			hasScannedForEncodings = 0;
			knownRegions = (
				en,
			);
			mainGroup = 9C3CC6B11D4D135B000FCD38;
			productRefGroup = 9C3CC6BB1D4D135B000FCD38 /* Products */;
			projectDirPath = "";
			projectRoot = "";
			targets = (
				9C3CC6B91D4D135B000FCD38 /* SwiftOS */,
			);
		};
/* End PBXProject section */

/* Begin PBXSourcesBuildPhase section */
		9C3CC6B61D4D135B000FCD38 /* Sources */ = {
			isa = PBXSourcesBuildPhase;
			buildActionMask = 2147483647;
			files = (
				9C78B4211D575AE500AD4411 /* ApiTool.swift in Sources */,
				9C3CC6C51D4D13F3000FCD38 /* Text.swift in Sources */,
				9C3CC6BE1D4D135B000FCD38 /* main.swift in Sources */,
				B17F462E1D59D07600D66ECB /* CStruct.c in Sources */,
				9C78B41F1D56B10800AD4411 /* Type.swift in Sources */,
			);
			runOnlyForDeploymentPostprocessing = 0;
		};
/* End PBXSourcesBuildPhase section */

/* Begin XCBuildConfiguration section */
		9C3CC6BF1D4D135B000FCD38 /* Debug */ = {
			isa = XCBuildConfiguration;
			buildSettings = {
				ALWAYS_SEARCH_USER_PATHS = NO;
				CLANG_ANALYZER_NONNULL = YES;
				CLANG_CXX_LANGUAGE_STANDARD = "gnu++0x";
				CLANG_CXX_LIBRARY = "libc++";
				CLANG_ENABLE_MODULES = YES;
				CLANG_ENABLE_OBJC_ARC = YES;
				CLANG_WARN_BOOL_CONVERSION = YES;
				CLANG_WARN_CONSTANT_CONVERSION = YES;
				CLANG_WARN_DIRECT_OBJC_ISA_USAGE = YES_ERROR;
				CLANG_WARN_EMPTY_BODY = YES;
				CLANG_WARN_ENUM_CONVERSION = YES;
				CLANG_WARN_INT_CONVERSION = YES;
				CLANG_WARN_OBJC_ROOT_CLASS = YES_ERROR;
				CLANG_WARN_UNREACHABLE_CODE = YES;
				CLANG_WARN__DUPLICATE_METHOD_MATCH = YES;
				CODE_SIGN_IDENTITY = "-";
				COPY_PHASE_STRIP = NO;
				DEBUG_INFORMATION_FORMAT = dwarf;
				ENABLE_STRICT_OBJC_MSGSEND = YES;
				ENABLE_TESTABILITY = YES;
				GCC_C_LANGUAGE_STANDARD = gnu99;
				GCC_DYNAMIC_NO_PIC = NO;
				GCC_NO_COMMON_BLOCKS = YES;
				GCC_OPTIMIZATION_LEVEL = 0;
				GCC_PREPROCESSOR_DEFINITIONS = (
					"DEBUG=1",
					"$(inherited)",
				);
				GCC_WARN_64_TO_32_BIT_CONVERSION = YES;
				GCC_WARN_ABOUT_RETURN_TYPE = YES_ERROR;
				GCC_WARN_UNDECLARED_SELECTOR = YES;
				GCC_WARN_UNINITIALIZED_AUTOS = YES_AGGRESSIVE;
				GCC_WARN_UNUSED_FUNCTION = YES;
				GCC_WARN_UNUSED_VARIABLE = YES;
				MACOSX_DEPLOYMENT_TARGET = 10.11;
				MTL_ENABLE_DEBUG_INFO = YES;
				ONLY_ACTIVE_ARCH = YES;
				SDKROOT = macosx;
				SWIFT_OPTIMIZATION_LEVEL = "-Onone";
			};
			name = Debug;
		};
		9C3CC6C01D4D135B000FCD38 /* Release */ = {
			isa = XCBuildConfiguration;
			buildSettings = {
				ALWAYS_SEARCH_USER_PATHS = NO;
				CLANG_ANALYZER_NONNULL = YES;
				CLANG_CXX_LANGUAGE_STANDARD = "gnu++0x";
				CLANG_CXX_LIBRARY = "libc++";
				CLANG_ENABLE_MODULES = YES;
				CLANG_ENABLE_OBJC_ARC = YES;
				CLANG_WARN_BOOL_CONVERSION = YES;
				CLANG_WARN_CONSTANT_CONVERSION = YES;
				CLANG_WARN_DIRECT_OBJC_ISA_USAGE = YES_ERROR;
				CLANG_WARN_EMPTY_BODY = YES;
				CLANG_WARN_ENUM_CONVERSION = YES;
				CLANG_WARN_INT_CONVERSION = YES;
				CLANG_WARN_OBJC_ROOT_CLASS = YES_ERROR;
				CLANG_WARN_UNREACHABLE_CODE = YES;
				CLANG_WARN__DUPLICATE_METHOD_MATCH = YES;
				CODE_SIGN_IDENTITY = "-";
				COPY_PHASE_STRIP = NO;
				DEBUG_INFORMATION_FORMAT = "dwarf-with-dsym";
				ENABLE_NS_ASSERTIONS = NO;
				ENABLE_STRICT_OBJC_MSGSEND = YES;
				GCC_C_LANGUAGE_STANDARD = gnu99;
				GCC_NO_COMMON_BLOCKS = YES;
				GCC_WARN_64_TO_32_BIT_CONVERSION = YES;
				GCC_WARN_ABOUT_RETURN_TYPE = YES_ERROR;
				GCC_WARN_UNDECLARED_SELECTOR = YES;
				GCC_WARN_UNINITIALIZED_AUTOS = YES_AGGRESSIVE;
				GCC_WARN_UNUSED_FUNCTION = YES;
				GCC_WARN_UNUSED_VARIABLE = YES;
				MACOSX_DEPLOYMENT_TARGET = 10.11;
				MTL_ENABLE_DEBUG_INFO = NO;
				SDKROOT = macosx;
			};
			name = Release;
		};
		9C3CC6C21D4D135B000FCD38 /* Debug */ = {
			isa = XCBuildConfiguration;
			buildSettings = {
				CLANG_ENABLE_MODULES = YES;
				LD_RUNPATH_SEARCH_PATHS = "$(inherited) @executable_path/../Frameworks @loader_path/../Frameworks";
				PRODUCT_NAME = "$(TARGET_NAME)";
				SWIFT_OBJC_BRIDGING_HEADER = "SwiftOS/SwiftOS-Bridging-Header.h";
				SWIFT_OPTIMIZATION_LEVEL = "-Onone";
			};
			name = Debug;
		};
		9C3CC6C31D4D135B000FCD38 /* Release */ = {
			isa = XCBuildConfiguration;
			buildSettings = {
				CLANG_ENABLE_MODULES = YES;
				LD_RUNPATH_SEARCH_PATHS = "$(inherited) @executable_path/../Frameworks @loader_path/../Frameworks";
				PRODUCT_NAME = "$(TARGET_NAME)";
				SWIFT_OBJC_BRIDGING_HEADER = "SwiftOS/SwiftOS-Bridging-Header.h";
			};
			name = Release;
		};
/* End XCBuildConfiguration section */

/* Begin XCConfigurationList section */
		9C3CC6B51D4D135B000FCD38 /* Build configuration list for PBXProject "SwiftOS" */ = {
			isa = XCConfigurationList;
			buildConfigurations = (
				9C3CC6BF1D4D135B000FCD38 /* Debug */,
				9C3CC6C01D4D135B000FCD38 /* Release */,
			);
			defaultConfigurationIsVisible = 0;
			defaultConfigurationName = Release;
		};
		9C3CC6C11D4D135B000FCD38 /* Build configuration list for PBXNativeTarget "SwiftOS" */ = {
			isa = XCConfigurationList;
			buildConfigurations = (
				9C3CC6C21D4D135B000FCD38 /* Debug */,
				9C3CC6C31D4D135B000FCD38 /* Release */,
			);
			defaultConfigurationIsVisible = 0;
			defaultConfigurationName = Release;
		};
/* End XCConfigurationList section */
	};
	rootObject = 9C3CC6B21D4D135B000FCD38 /* Project object */;
}
